
Microsoft Visual Studio Solution File, Format Version 12.00
# Visual Studio 14
VisualStudioVersion = 14.0.23107.0
MinimumVisualStudioVersion = 10.0.40219.1
Project("{FAE04EC0-301F-11D3-BF4B-00C04F79EFBC}") = "SmallTalk", "SmallTakl\SmallTalk.csproj", "{EC7879C5-1AA6-4CBA-9C87-7C1AE94B23D2}"
EndProject
Project("{FAE04EC0-301F-11D3-BF4B-00C04F79EFBC}") = "ConnectorLibrary", "ConnectorLibrary\ConnectorLibrary.csproj", "{715770D1-4902-4999-A39C-AE43CD77F8C4}"
EndProject
Project("{FAE04EC0-301F-11D3-BF4B-00C04F79EFBC}") = "ClientControl", "ClientControl\ClientControl.csproj", "{E3802DDB-C87F-47A8-8ECD-8107BCAA18F2}"
EndProject
Global
	GlobalSection(SolutionConfigurationPlatforms) = preSolution
		Debug|Any CPU = Debug|Any CPU
		Release|Any CPU = Release|Any CPU
	EndGlobalSection
	GlobalSection(ProjectConfigurationPlatforms) = postSolution
		{EC7879C5-1AA6-4CBA-9C87-7C1AE94B23D2}.Debug|Any CPU.ActiveCfg = Debug|Any CPU
		{EC7879C5-1AA6-4CBA-9C87-7C1AE94B23D2}.Debug|Any CPU.Build.0 = Debug|Any CPU
		{EC7879C5-1AA6-4CBA-9C87-7C1AE94B23D2}.Release|Any CPU.ActiveCfg = Release|Any CPU
		{EC7879C5-1AA6-4CBA-9C87-7C1AE94B23D2}.Release|Any CPU.Build.0 = Release|Any CPU
		{715770D1-4902-4999-A39C-AE43CD77F8C4}.Debug|Any CPU.ActiveCfg = Debug|Any CPU
		{715770D1-4902-4999-A39C-AE43CD77F8C4}.Debug|Any CPU.Build.0 = Debug|Any CPU
		{715770D1-4902-4999-A39C-AE43CD77F8C4}.Release|Any CPU.ActiveCfg = Release|Any CPU
		{715770D1-4902-4999-A39C-AE43CD77F8C4}.Release|Any CPU.Build.0 = Release|Any CPU
		{E3802DDB-C87F-47A8-8ECD-8107BCAA18F2}.Debug|Any CPU.ActiveCfg = Debug|Any CPU
		{E3802DDB-C87F-47A8-8ECD-8107BCAA18F2}.Debug|Any CPU.Build.0 = Debug|Any CPU
		{E3802DDB-C87F-47A8-8ECD-8107BCAA18F2}.Release|Any CPU.ActiveCfg = Release|Any CPU
		{E3802DDB-C87F-47A8-8ECD-8107BCAA18F2}.Release|Any CPU.Build.0 = Release|Any CPU
	EndGlobalSection
	GlobalSection(SolutionProperties) = preSolution
		HideSolutionNode = FALSE
	EndGlobalSection
EndGlobal
